
Microsoft Visual Studio Solution File, Format Version 12.00
# Visual Studio Version 17
VisualStudioVersion = 17.0.31903.59
MinimumVisualStudioVersion = 10.0.40219.1
Project("{2150E333-8FDC-42A3-9474-1A3956D46DE8}") = "bolero", "bolero", "{C1959B04-319E-DFF2-5E94-62D2FAA9A8AC}"
EndProject
Project("{2150E333-8FDC-42A3-9474-1A3956D46DE8}") = "src", "src", "{031DEA96-0EC4-6B32-2529-39C0AE4FFA3A}"
EndProject
Project("{F2A71F9B-5D33-465A-A702-920D77279786}") = "PuyoPuyo", "bolero\src\PuyoPuyo.fsproj", "{A14E50FC-1E26-4FEF-8315-736ABF2B7D3C}"
EndProject
Project("{2150E333-8FDC-42A3-9474-1A3956D46DE8}") = "tests", "tests", "{0BE025CD-2533-404E-72A1-BF0D1D6FF0FD}"
EndProject
Project("{F2A71F9B-5D33-465A-A702-920D77279786}") = "PuyoPuyo.Tests", "bolero\tests\PuyoPuyo.Tests.fsproj", "{88F795BD-36CF-4D1E-808D-BECB47DF264A}"
EndProject
Project("{2150E333-8FDC-42A3-9474-1A3956D46DE8}") = "fable", "fable", "{C016DCEB-D678-B7FF-9120-C0A64AC15D80}"
EndProject
Project("{2150E333-8FDC-42A3-9474-1A3956D46DE8}") = "src", "src", "{3E6C1FAB-ED8F-8B46-6CC2-878FC97DE6DF}"
EndProject
Project("{F2A71F9B-5D33-465A-A702-920D77279786}") = "FizzBuzz", "fable\src\FizzBuzz.fsproj", "{F1374A78-2139-4BDF-8F1A-ED061C661FE1}"
EndProject
Project("{2150E333-8FDC-42A3-9474-1A3956D46DE8}") = "tests", "tests", "{F51B4A25-3680-5DC2-5782-F45AC4758CB7}"
EndProject
Project("{F2A71F9B-5D33-465A-A702-920D77279786}") = "FizzBuzz.Tests", "fable\tests\FizzBuzz.Tests.fsproj", "{C8CBAE20-44A2-456F-A5FD-B3422C437DC0}"
EndProject
Global
	GlobalSection(SolutionConfigurationPlatforms) = preSolution
		Debug|Any CPU = Debug|Any CPU
		Debug|x64 = Debug|x64
		Debug|x86 = Debug|x86
		Release|Any CPU = Release|Any CPU
		Release|x64 = Release|x64
		Release|x86 = Release|x86
	EndGlobalSection
	GlobalSection(ProjectConfigurationPlatforms) = postSolution
		{A14E50FC-1E26-4FEF-8315-736ABF2B7D3C}.Debug|Any CPU.ActiveCfg = Debug|Any CPU
		{A14E50FC-1E26-4FEF-8315-736ABF2B7D3C}.Debug|Any CPU.Build.0 = Debug|Any CPU
		{A14E50FC-1E26-4FEF-8315-736ABF2B7D3C}.Debug|x64.ActiveCfg = Debug|Any CPU
		{A14E50FC-1E26-4FEF-8315-736ABF2B7D3C}.Debug|x64.Build.0 = Debug|Any CPU
		{A14E50FC-1E26-4FEF-8315-736ABF2B7D3C}.Debug|x86.ActiveCfg = Debug|Any CPU
		{A14E50FC-1E26-4FEF-8315-736ABF2B7D3C}.Debug|x86.Build.0 = Debug|Any CPU
		{A14E50FC-1E26-4FEF-8315-736ABF2B7D3C}.Release|Any CPU.ActiveCfg = Release|Any CPU
		{A14E50FC-1E26-4FEF-8315-736ABF2B7D3C}.Release|Any CPU.Build.0 = Release|Any CPU
		{A14E50FC-1E26-4FEF-8315-736ABF2B7D3C}.Release|x64.ActiveCfg = Release|Any CPU
		{A14E50FC-1E26-4FEF-8315-736ABF2B7D3C}.Release|x64.Build.0 = Release|Any CPU
		{A14E50FC-1E26-4FEF-8315-736ABF2B7D3C}.Release|x86.ActiveCfg = Release|Any CPU
		{A14E50FC-1E26-4FEF-8315-736ABF2B7D3C}.Release|x86.Build.0 = Release|Any CPU
		{88F795BD-36CF-4D1E-808D-BECB47DF264A}.Debug|Any CPU.ActiveCfg = Debug|Any CPU
		{88F795BD-36CF-4D1E-808D-BECB47DF264A}.Debug|Any CPU.Build.0 = Debug|Any CPU
		{88F795BD-36CF-4D1E-808D-BECB47DF264A}.Debug|x64.ActiveCfg = Debug|Any CPU
		{88F795BD-36CF-4D1E-808D-BECB47DF264A}.Debug|x64.Build.0 = Debug|Any CPU
		{88F795BD-36CF-4D1E-808D-BECB47DF264A}.Debug|x86.ActiveCfg = Debug|Any CPU
		{88F795BD-36CF-4D1E-808D-BECB47DF264A}.Debug|x86.Build.0 = Debug|Any CPU
		{88F795BD-36CF-4D1E-808D-BECB47DF264A}.Release|Any CPU.ActiveCfg = Release|Any CPU
		{88F795BD-36CF-4D1E-808D-BECB47DF264A}.Release|Any CPU.Build.0 = Release|Any CPU
		{88F795BD-36CF-4D1E-808D-BECB47DF264A}.Release|x64.ActiveCfg = Release|Any CPU
		{88F795BD-36CF-4D1E-808D-BECB47DF264A}.Release|x64.Build.0 = Release|Any CPU
		{88F795BD-36CF-4D1E-808D-BECB47DF264A}.Release|x86.ActiveCfg = Release|Any CPU
		{88F795BD-36CF-4D1E-808D-BECB47DF264A}.Release|x86.Build.0 = Release|Any CPU
		{F1374A78-2139-4BDF-8F1A-ED061C661FE1}.Debug|Any CPU.ActiveCfg = Debug|Any CPU
		{F1374A78-2139-4BDF-8F1A-ED061C661FE1}.Debug|Any CPU.Build.0 = Debug|Any CPU
		{F1374A78-2139-4BDF-8F1A-ED061C661FE1}.Debug|x64.ActiveCfg = Debug|Any CPU
		{F1374A78-2139-4BDF-8F1A-ED061C661FE1}.Debug|x64.Build.0 = Debug|Any CPU
		{F1374A78-2139-4BDF-8F1A-ED061C661FE1}.Debug|x86.ActiveCfg = Debug|Any CPU
		{F1374A78-2139-4BDF-8F1A-ED061C661FE1}.Debug|x86.Build.0 = Debug|Any CPU
		{F1374A78-2139-4BDF-8F1A-ED061C661FE1}.Release|Any CPU.ActiveCfg = Release|Any CPU
		{F1374A78-2139-4BDF-8F1A-ED061C661FE1}.Release|Any CPU.Build.0 = Release|Any CPU
		{F1374A78-2139-4BDF-8F1A-ED061C661FE1}.Release|x64.ActiveCfg = Release|Any CPU
		{F1374A78-2139-4BDF-8F1A-ED061C661FE1}.Release|x64.Build.0 = Release|Any CPU
		{F1374A78-2139-4BDF-8F1A-ED061C661FE1}.Release|x86.ActiveCfg = Release|Any CPU
		{F1374A78-2139-4BDF-8F1A-ED061C661FE1}.Release|x86.Build.0 = Release|Any CPU
		{C8CBAE20-44A2-456F-A5FD-B3422C437DC0}.Debug|Any CPU.ActiveCfg = Debug|Any CPU
		{C8CBAE20-44A2-456F-A5FD-B3422C437DC0}.Debug|Any CPU.Build.0 = Debug|Any CPU
		{C8CBAE20-44A2-456F-A5FD-B3422C437DC0}.Debug|x64.ActiveCfg = Debug|Any CPU
		{C8CBAE20-44A2-456F-A5FD-B3422C437DC0}.Debug|x64.Build.0 = Debug|Any CPU
		{C8CBAE20-44A2-456F-A5FD-B3422C437DC0}.Debug|x86.ActiveCfg = Debug|Any CPU
		{C8CBAE20-44A2-456F-A5FD-B3422C437DC0}.Debug|x86.Build.0 = Debug|Any CPU
		{C8CBAE20-44A2-456F-A5FD-B3422C437DC0}.Release|Any CPU.ActiveCfg = Release|Any CPU
		{C8CBAE20-44A2-456F-A5FD-B3422C437DC0}.Release|Any CPU.Build.0 = Release|Any CPU
		{C8CBAE20-44A2-456F-A5FD-B3422C437DC0}.Release|x64.ActiveCfg = Release|Any CPU
		{C8CBAE20-44A2-456F-A5FD-B3422C437DC0}.Release|x64.Build.0 = Release|Any CPU
		{C8CBAE20-44A2-456F-A5FD-B3422C437DC0}.Release|x86.ActiveCfg = Release|Any CPU
		{C8CBAE20-44A2-456F-A5FD-B3422C437DC0}.Release|x86.Build.0 = Release|Any CPU
	EndGlobalSection
	GlobalSection(SolutionProperties) = preSolution
		HideSolutionNode = FALSE
	EndGlobalSection
	GlobalSection(NestedProjects) = preSolution
		{031DEA96-0EC4-6B32-2529-39C0AE4FFA3A} = {C1959B04-319E-DFF2-5E94-62D2FAA9A8AC}
		{A14E50FC-1E26-4FEF-8315-736ABF2B7D3C} = {031DEA96-0EC4-6B32-2529-39C0AE4FFA3A}
		{0BE025CD-2533-404E-72A1-BF0D1D6FF0FD} = {C1959B04-319E-DFF2-5E94-62D2FAA9A8AC}
		{88F795BD-36CF-4D1E-808D-BECB47DF264A} = {0BE025CD-2533-404E-72A1-BF0D1D6FF0FD}
		{3E6C1FAB-ED8F-8B46-6CC2-878FC97DE6DF} = {C016DCEB-D678-B7FF-9120-C0A64AC15D80}
		{F1374A78-2139-4BDF-8F1A-ED061C661FE1} = {3E6C1FAB-ED8F-8B46-6CC2-878FC97DE6DF}
		{F51B4A25-3680-5DC2-5782-F45AC4758CB7} = {C016DCEB-D678-B7FF-9120-C0A64AC15D80}
		{C8CBAE20-44A2-456F-A5FD-B3422C437DC0} = {F51B4A25-3680-5DC2-5782-F45AC4758CB7}
	EndGlobalSection
EndGlobal
