
Microsoft Visual Studio Solution File, Format Version 12.00
# Visual Studio Version 17
VisualStudioVersion = 17.0.31903.59
MinimumVisualStudioVersion = 10.0.40219.1
Project("{2150E333-8FDC-42A3-9474-1A3956D46DE8}") = "bolero", "bolero", "{C1959B04-319E-DFF2-5E94-62D2FAA9A8AC}"
EndProject
Project("{2150E333-8FDC-42A3-9474-1A3956D46DE8}") = "src", "src", "{031DEA96-0EC4-6B32-2529-39C0AE4FFA3A}"
EndProject
Project("{F2A71F9B-5D33-465A-A702-920D77279786}") = "PuyoPuyo", "bolero\src\PuyoPuyo.fsproj", "{E8A48BA5-CF91-4B5E-910D-21F41F094E4A}"
EndProject
Project("{2150E333-8FDC-42A3-9474-1A3956D46DE8}") = "tests", "tests", "{0BE025CD-2533-404E-72A1-BF0D1D6FF0FD}"
EndProject
Project("{F2A71F9B-5D33-465A-A702-920D77279786}") = "PuyoPuyo.Tests", "bolero\tests\PuyoPuyo.Tests.fsproj", "{AA6474EF-FC10-4381-9794-8165F1D03ACD}"
EndProject
Project("{2150E333-8FDC-42A3-9474-1A3956D46DE8}") = "fable", "fable", "{C016DCEB-D678-B7FF-9120-C0A64AC15D80}"
EndProject
Project("{2150E333-8FDC-42A3-9474-1A3956D46DE8}") = "src", "src", "{3E6C1FAB-ED8F-8B46-6CC2-878FC97DE6DF}"
EndProject
Project("{F2A71F9B-5D33-465A-A702-920D77279786}") = "Puyo", "fable\src\Puyo.fsproj", "{16FB7A8D-8C0B-4C9C-BD8D-2FBF985B3FDD}"
EndProject
Project("{2150E333-8FDC-42A3-9474-1A3956D46DE8}") = "tests", "tests", "{4B7E2F9A-1234-5678-9ABC-DEF012345678}"
EndProject
Project("{F2A71F9B-5D33-465A-A702-920D77279786}") = "Puyo.Tests", "fable\tests\Puyo.Tests.fsproj", "{8D3A5B2C-9876-5432-1ABC-DEF987654321}"
EndProject
Global
	GlobalSection(SolutionConfigurationPlatforms) = preSolution
		Debug|Any CPU = Debug|Any CPU
		Debug|x64 = Debug|x64
		Debug|x86 = Debug|x86
		Release|Any CPU = Release|Any CPU
		Release|x64 = Release|x64
		Release|x86 = Release|x86
	EndGlobalSection
	GlobalSection(ProjectConfigurationPlatforms) = postSolution
		{E8A48BA5-CF91-4B5E-910D-21F41F094E4A}.Debug|Any CPU.ActiveCfg = Debug|Any CPU
		{E8A48BA5-CF91-4B5E-910D-21F41F094E4A}.Debug|Any CPU.Build.0 = Debug|Any CPU
		{E8A48BA5-CF91-4B5E-910D-21F41F094E4A}.Debug|x64.ActiveCfg = Debug|Any CPU
		{E8A48BA5-CF91-4B5E-910D-21F41F094E4A}.Debug|x64.Build.0 = Debug|Any CPU
		{E8A48BA5-CF91-4B5E-910D-21F41F094E4A}.Debug|x86.ActiveCfg = Debug|Any CPU
		{E8A48BA5-CF91-4B5E-910D-21F41F094E4A}.Debug|x86.Build.0 = Debug|Any CPU
		{E8A48BA5-CF91-4B5E-910D-21F41F094E4A}.Release|Any CPU.ActiveCfg = Release|Any CPU
		{E8A48BA5-CF91-4B5E-910D-21F41F094E4A}.Release|Any CPU.Build.0 = Release|Any CPU
		{E8A48BA5-CF91-4B5E-910D-21F41F094E4A}.Release|x64.ActiveCfg = Release|Any CPU
		{E8A48BA5-CF91-4B5E-910D-21F41F094E4A}.Release|x64.Build.0 = Release|Any CPU
		{E8A48BA5-CF91-4B5E-910D-21F41F094E4A}.Release|x86.ActiveCfg = Release|Any CPU
		{E8A48BA5-CF91-4B5E-910D-21F41F094E4A}.Release|x86.Build.0 = Release|Any CPU
		{AA6474EF-FC10-4381-9794-8165F1D03ACD}.Debug|Any CPU.ActiveCfg = Debug|Any CPU
		{AA6474EF-FC10-4381-9794-8165F1D03ACD}.Debug|Any CPU.Build.0 = Debug|Any CPU
		{AA6474EF-FC10-4381-9794-8165F1D03ACD}.Debug|x64.ActiveCfg = Debug|Any CPU
		{AA6474EF-FC10-4381-9794-8165F1D03ACD}.Debug|x64.Build.0 = Debug|Any CPU
		{AA6474EF-FC10-4381-9794-8165F1D03ACD}.Debug|x86.ActiveCfg = Debug|Any CPU
		{AA6474EF-FC10-4381-9794-8165F1D03ACD}.Debug|x86.Build.0 = Debug|Any CPU
		{AA6474EF-FC10-4381-9794-8165F1D03ACD}.Release|Any CPU.ActiveCfg = Release|Any CPU
		{AA6474EF-FC10-4381-9794-8165F1D03ACD}.Release|Any CPU.Build.0 = Release|Any CPU
		{AA6474EF-FC10-4381-9794-8165F1D03ACD}.Release|x64.ActiveCfg = Release|Any CPU
		{AA6474EF-FC10-4381-9794-8165F1D03ACD}.Release|x64.Build.0 = Release|Any CPU
		{AA6474EF-FC10-4381-9794-8165F1D03ACD}.Release|x86.ActiveCfg = Release|Any CPU
		{AA6474EF-FC10-4381-9794-8165F1D03ACD}.Release|x86.Build.0 = Release|Any CPU
		{16FB7A8D-8C0B-4C9C-BD8D-2FBF985B3FDD}.Debug|Any CPU.ActiveCfg = Debug|Any CPU
		{16FB7A8D-8C0B-4C9C-BD8D-2FBF985B3FDD}.Debug|Any CPU.Build.0 = Debug|Any CPU
		{16FB7A8D-8C0B-4C9C-BD8D-2FBF985B3FDD}.Debug|x64.ActiveCfg = Debug|Any CPU
		{16FB7A8D-8C0B-4C9C-BD8D-2FBF985B3FDD}.Debug|x64.Build.0 = Debug|Any CPU
		{16FB7A8D-8C0B-4C9C-BD8D-2FBF985B3FDD}.Debug|x86.ActiveCfg = Debug|Any CPU
		{16FB7A8D-8C0B-4C9C-BD8D-2FBF985B3FDD}.Debug|x86.Build.0 = Debug|Any CPU
		{16FB7A8D-8C0B-4C9C-BD8D-2FBF985B3FDD}.Release|Any CPU.ActiveCfg = Release|Any CPU
		{16FB7A8D-8C0B-4C9C-BD8D-2FBF985B3FDD}.Release|Any CPU.Build.0 = Release|Any CPU
		{16FB7A8D-8C0B-4C9C-BD8D-2FBF985B3FDD}.Release|x64.ActiveCfg = Release|Any CPU
		{16FB7A8D-8C0B-4C9C-BD8D-2FBF985B3FDD}.Release|x64.Build.0 = Release|Any CPU
		{16FB7A8D-8C0B-4C9C-BD8D-2FBF985B3FDD}.Release|x86.ActiveCfg = Release|Any CPU
		{16FB7A8D-8C0B-4C9C-BD8D-2FBF985B3FDD}.Release|x86.Build.0 = Release|Any CPU
		{8D3A5B2C-9876-5432-1ABC-DEF987654321}.Debug|Any CPU.ActiveCfg = Debug|Any CPU
		{8D3A5B2C-9876-5432-1ABC-DEF987654321}.Debug|Any CPU.Build.0 = Debug|Any CPU
		{8D3A5B2C-9876-5432-1ABC-DEF987654321}.Debug|x64.ActiveCfg = Debug|Any CPU
		{8D3A5B2C-9876-5432-1ABC-DEF987654321}.Debug|x64.Build.0 = Debug|Any CPU
		{8D3A5B2C-9876-5432-1ABC-DEF987654321}.Debug|x86.ActiveCfg = Debug|Any CPU
		{8D3A5B2C-9876-5432-1ABC-DEF987654321}.Debug|x86.Build.0 = Debug|Any CPU
		{8D3A5B2C-9876-5432-1ABC-DEF987654321}.Release|Any CPU.ActiveCfg = Release|Any CPU
		{8D3A5B2C-9876-5432-1ABC-DEF987654321}.Release|Any CPU.Build.0 = Release|Any CPU
		{8D3A5B2C-9876-5432-1ABC-DEF987654321}.Release|x64.ActiveCfg = Release|Any CPU
		{8D3A5B2C-9876-5432-1ABC-DEF987654321}.Release|x64.Build.0 = Release|Any CPU
		{8D3A5B2C-9876-5432-1ABC-DEF987654321}.Release|x86.ActiveCfg = Release|Any CPU
		{8D3A5B2C-9876-5432-1ABC-DEF987654321}.Release|x86.Build.0 = Release|Any CPU
	EndGlobalSection
	GlobalSection(SolutionProperties) = preSolution
		HideSolutionNode = FALSE
	EndGlobalSection
	GlobalSection(NestedProjects) = preSolution
		{031DEA96-0EC4-6B32-2529-39C0AE4FFA3A} = {C1959B04-319E-DFF2-5E94-62D2FAA9A8AC}
		{E8A48BA5-CF91-4B5E-910D-21F41F094E4A} = {031DEA96-0EC4-6B32-2529-39C0AE4FFA3A}
		{0BE025CD-2533-404E-72A1-BF0D1D6FF0FD} = {C1959B04-319E-DFF2-5E94-62D2FAA9A8AC}
		{AA6474EF-FC10-4381-9794-8165F1D03ACD} = {0BE025CD-2533-404E-72A1-BF0D1D6FF0FD}
		{3E6C1FAB-ED8F-8B46-6CC2-878FC97DE6DF} = {C016DCEB-D678-B7FF-9120-C0A64AC15D80}
		{16FB7A8D-8C0B-4C9C-BD8D-2FBF985B3FDD} = {3E6C1FAB-ED8F-8B46-6CC2-878FC97DE6DF}
		{4B7E2F9A-1234-5678-9ABC-DEF012345678} = {C016DCEB-D678-B7FF-9120-C0A64AC15D80}
		{8D3A5B2C-9876-5432-1ABC-DEF987654321} = {4B7E2F9A-1234-5678-9ABC-DEF012345678}
	EndGlobalSection
EndGlobal
