
Microsoft Visual Studio Solution File, Format Version 12.00
# Visual Studio Version 17
VisualStudioVersion = 17.0.31903.59
MinimumVisualStudioVersion = 10.0.40219.1
Project("{2150E333-8FDC-42A3-9474-1A3956D46DE8}") = "src", "src", "{827E0CD3-B72D-47B6-A68D-7590B98EB39B}"
EndProject
Project("{F2A71F9B-5D33-465A-A702-920D77279786}") = "PuyoPuyo.Core", "src\PuyoPuyo.Core\PuyoPuyo.Core.fsproj", "{E9FB732B-C2F2-40EC-8276-4AF8338EB406}"
EndProject
Project("{9A19103F-16F7-4668-BE54-9A1E7A4F7556}") = "PuyoPuyo.App", "src\PuyoPuyo.App\PuyoPuyo.App.csproj", "{0ACC16DE-DDBA-4FE7-90E2-C15214CEFF7D}"
EndProject
Project("{2150E333-8FDC-42A3-9474-1A3956D46DE8}") = "tests", "tests", "{0AB3BF05-4346-4AA6-1389-037BE0695223}"
EndProject
Project("{F2A71F9B-5D33-465A-A702-920D77279786}") = "PuyoPuyo.Tests", "tests\PuyoPuyo.Tests\PuyoPuyo.Tests.fsproj", "{95A4481C-3E6A-4CBA-A567-D902688A7C62}"
EndProject
Global
	GlobalSection(SolutionConfigurationPlatforms) = preSolution
		Debug|Any CPU = Debug|Any CPU
		Debug|x64 = Debug|x64
		Debug|x86 = Debug|x86
		Release|Any CPU = Release|Any CPU
		Release|x64 = Release|x64
		Release|x86 = Release|x86
	EndGlobalSection
	GlobalSection(ProjectConfigurationPlatforms) = postSolution
		{E9FB732B-C2F2-40EC-8276-4AF8338EB406}.Debug|Any CPU.ActiveCfg = Debug|Any CPU
		{E9FB732B-C2F2-40EC-8276-4AF8338EB406}.Debug|Any CPU.Build.0 = Debug|Any CPU
		{E9FB732B-C2F2-40EC-8276-4AF8338EB406}.Debug|x64.ActiveCfg = Debug|Any CPU
		{E9FB732B-C2F2-40EC-8276-4AF8338EB406}.Debug|x64.Build.0 = Debug|Any CPU
		{E9FB732B-C2F2-40EC-8276-4AF8338EB406}.Debug|x86.ActiveCfg = Debug|Any CPU
		{E9FB732B-C2F2-40EC-8276-4AF8338EB406}.Debug|x86.Build.0 = Debug|Any CPU
		{E9FB732B-C2F2-40EC-8276-4AF8338EB406}.Release|Any CPU.ActiveCfg = Release|Any CPU
		{E9FB732B-C2F2-40EC-8276-4AF8338EB406}.Release|Any CPU.Build.0 = Release|Any CPU
		{E9FB732B-C2F2-40EC-8276-4AF8338EB406}.Release|x64.ActiveCfg = Release|Any CPU
		{E9FB732B-C2F2-40EC-8276-4AF8338EB406}.Release|x64.Build.0 = Release|Any CPU
		{E9FB732B-C2F2-40EC-8276-4AF8338EB406}.Release|x86.ActiveCfg = Release|Any CPU
		{E9FB732B-C2F2-40EC-8276-4AF8338EB406}.Release|x86.Build.0 = Release|Any CPU
		{0ACC16DE-DDBA-4FE7-90E2-C15214CEFF7D}.Debug|Any CPU.ActiveCfg = Debug|Any CPU
		{0ACC16DE-DDBA-4FE7-90E2-C15214CEFF7D}.Debug|Any CPU.Build.0 = Debug|Any CPU
		{0ACC16DE-DDBA-4FE7-90E2-C15214CEFF7D}.Debug|x64.ActiveCfg = Debug|Any CPU
		{0ACC16DE-DDBA-4FE7-90E2-C15214CEFF7D}.Debug|x64.Build.0 = Debug|Any CPU
		{0ACC16DE-DDBA-4FE7-90E2-C15214CEFF7D}.Debug|x86.ActiveCfg = Debug|Any CPU
		{0ACC16DE-DDBA-4FE7-90E2-C15214CEFF7D}.Debug|x86.Build.0 = Debug|Any CPU
		{0ACC16DE-DDBA-4FE7-90E2-C15214CEFF7D}.Release|Any CPU.ActiveCfg = Release|Any CPU
		{0ACC16DE-DDBA-4FE7-90E2-C15214CEFF7D}.Release|Any CPU.Build.0 = Release|Any CPU
		{0ACC16DE-DDBA-4FE7-90E2-C15214CEFF7D}.Release|x64.ActiveCfg = Release|Any CPU
		{0ACC16DE-DDBA-4FE7-90E2-C15214CEFF7D}.Release|x64.Build.0 = Release|Any CPU
		{0ACC16DE-DDBA-4FE7-90E2-C15214CEFF7D}.Release|x86.ActiveCfg = Release|Any CPU
		{0ACC16DE-DDBA-4FE7-90E2-C15214CEFF7D}.Release|x86.Build.0 = Release|Any CPU
		{95A4481C-3E6A-4CBA-A567-D902688A7C62}.Debug|Any CPU.ActiveCfg = Debug|Any CPU
		{95A4481C-3E6A-4CBA-A567-D902688A7C62}.Debug|Any CPU.Build.0 = Debug|Any CPU
		{95A4481C-3E6A-4CBA-A567-D902688A7C62}.Debug|x64.ActiveCfg = Debug|Any CPU
		{95A4481C-3E6A-4CBA-A567-D902688A7C62}.Debug|x64.Build.0 = Debug|Any CPU
		{95A4481C-3E6A-4CBA-A567-D902688A7C62}.Debug|x86.ActiveCfg = Debug|Any CPU
		{95A4481C-3E6A-4CBA-A567-D902688A7C62}.Debug|x86.Build.0 = Debug|Any CPU
		{95A4481C-3E6A-4CBA-A567-D902688A7C62}.Release|Any CPU.ActiveCfg = Release|Any CPU
		{95A4481C-3E6A-4CBA-A567-D902688A7C62}.Release|Any CPU.Build.0 = Release|Any CPU
		{95A4481C-3E6A-4CBA-A567-D902688A7C62}.Release|x64.ActiveCfg = Release|Any CPU
		{95A4481C-3E6A-4CBA-A567-D902688A7C62}.Release|x64.Build.0 = Release|Any CPU
		{95A4481C-3E6A-4CBA-A567-D902688A7C62}.Release|x86.ActiveCfg = Release|Any CPU
		{95A4481C-3E6A-4CBA-A567-D902688A7C62}.Release|x86.Build.0 = Release|Any CPU
	EndGlobalSection
	GlobalSection(SolutionProperties) = preSolution
		HideSolutionNode = FALSE
	EndGlobalSection
	GlobalSection(NestedProjects) = preSolution
		{E9FB732B-C2F2-40EC-8276-4AF8338EB406} = {827E0CD3-B72D-47B6-A68D-7590B98EB39B}
		{0ACC16DE-DDBA-4FE7-90E2-C15214CEFF7D} = {827E0CD3-B72D-47B6-A68D-7590B98EB39B}
		{95A4481C-3E6A-4CBA-A567-D902688A7C62} = {0AB3BF05-4346-4AA6-1389-037BE0695223}
	EndGlobalSection
EndGlobal
